
Microsoft Visual Studio Solution File, Format Version 12.00
# Visual Studio Version 16
VisualStudioVersion = 16.0.31129.286
MinimumVisualStudioVersion = 10.0.40219.1
Project("{9A19103F-16F7-4668-BE54-9A1E7A4F7556}") = "TodoApi", "TodoApi.csproj", "{88AABB69-3601-4C34-B413-2FBA9A16133F}"
EndProject
Global
	GlobalSection(SolutionConfigurationPlatforms) = preSolution
		Debug|Any CPU = Debug|Any CPU
		Release|Any CPU = Release|Any CPU
	EndGlobalSection
	GlobalSection(ProjectConfigurationPlatforms) = postSolution
		{88AABB69-3601-4C34-B413-2FBA9A16133F}.Debug|Any CPU.ActiveCfg = Debug|Any CPU
		{88AABB69-3601-4C34-B413-2FBA9A16133F}.Debug|Any CPU.Build.0 = Debug|Any CPU
		{88AABB69-3601-4C34-B413-2FBA9A16133F}.Release|Any CPU.ActiveCfg = Release|Any CPU
		{88AABB69-3601-4C34-B413-2FBA9A16133F}.Release|Any CPU.Build.0 = Release|Any CPU
	EndGlobalSection
	GlobalSection(SolutionProperties) = preSolution
		HideSolutionNode = FALSE
	EndGlobalSection
	GlobalSection(ExtensibilityGlobals) = postSolution
		SolutionGuid = {82513480-4390-4FEA-8F59-44424589CCBD}
	EndGlobalSection
EndGlobal
