
Microsoft Visual Studio Solution File, Format Version 12.00
# Visual Studio Version 16
VisualStudioVersion = 16.0.30907.101
MinimumVisualStudioVersion = 10.0.40219.1
Project("{9A19103F-16F7-4668-BE54-9A1E7A4F7556}") = "Exemplo", "Exemplo.csproj", "{F976A45A-2F37-40D5-A4B0-9CAB0B8737FB}"
EndProject
Global
	GlobalSection(SolutionConfigurationPlatforms) = preSolution
		Debug|Any CPU = Debug|Any CPU
		Release|Any CPU = Release|Any CPU
	EndGlobalSection
	GlobalSection(ProjectConfigurationPlatforms) = postSolution
		{F976A45A-2F37-40D5-A4B0-9CAB0B8737FB}.Debug|Any CPU.ActiveCfg = Debug|Any CPU
		{F976A45A-2F37-40D5-A4B0-9CAB0B8737FB}.Debug|Any CPU.Build.0 = Debug|Any CPU
		{F976A45A-2F37-40D5-A4B0-9CAB0B8737FB}.Release|Any CPU.ActiveCfg = Release|Any CPU
		{F976A45A-2F37-40D5-A4B0-9CAB0B8737FB}.Release|Any CPU.Build.0 = Release|Any CPU
	EndGlobalSection
	GlobalSection(SolutionProperties) = preSolution
		HideSolutionNode = FALSE
	EndGlobalSection
	GlobalSection(ExtensibilityGlobals) = postSolution
		SolutionGuid = {66106E2F-B220-4364-81EA-090D61746B2C}
	EndGlobalSection
EndGlobal
